
Microsoft Visual Studio Solution File, Format Version 12.00
# Visual Studio Version 16
VisualStudioVersion = 25.0.1706.7
MinimumVisualStudioVersion = 10.0.40219.1
Project("{FAE04EC0-301F-11D3-BF4B-00C04F79EFBC}") = "Lab0Assignment", "Lab0Assignment\Lab0Assignment.csproj", "{CA508618-79BC-4353-BE74-0650FD687862}"
EndProject
Global
	GlobalSection(SolutionConfigurationPlatforms) = preSolution
		Debug|Any CPU = Debug|Any CPU
		Release|Any CPU = Release|Any CPU
	EndGlobalSection
	GlobalSection(ProjectConfigurationPlatforms) = postSolution
		{CA508618-79BC-4353-BE74-0650FD687862}.Debug|Any CPU.ActiveCfg = Debug|Any CPU
		{CA508618-79BC-4353-BE74-0650FD687862}.Debug|Any CPU.Build.0 = Debug|Any CPU
		{CA508618-79BC-4353-BE74-0650FD687862}.Release|Any CPU.ActiveCfg = Release|Any CPU
		{CA508618-79BC-4353-BE74-0650FD687862}.Release|Any CPU.Build.0 = Release|Any CPU
	EndGlobalSection
	GlobalSection(SolutionProperties) = preSolution
		HideSolutionNode = FALSE
	EndGlobalSection
	GlobalSection(ExtensibilityGlobals) = postSolution
		SolutionGuid = {D036C379-5C22-4891-BE0A-A1BF2C090469}
	EndGlobalSection
EndGlobal
